{
  "name": "ajquery",
  "version": "3.0.3",
  "lockfileVersion": 3,
  "requires": true,
  "packages": {
    "": {
      "name": "ajquery",
      "version": "3.0.3",
      "license": "MPL-2.0",
      "devDependencies": {
        "typed-query-selector": "^2.12.0"
      }
    },
    "node_modules/typed-query-selector": {
      "version": "2.12.0",
      "resolved": "https://registry.npmjs.org/typed-query-selector/-/typed-query-selector-2.12.0.tgz",
      "integrity": "sha512-SbklCd1F0EiZOyPiW192rrHZzZ5sBijB6xM+cpmrwDqObvdtunOHHIk9fCGsoK5JVIYXoyEp4iEdE3upFH3PAg==",
      "dev": true,
      "license": "MIT"
    }
  }
}
